{
  "nodes": {
    "calvera-dark-nvim": {
      "flake": false,
      "locked": {
        "lastModified": 1628826150,
        "narHash": "sha256-DMyElTyzSqqcKnfVm/Rjkg9Ax5WvRw5lDW1A/0+Tmfg=",
        "owner": "yashguptaz",
        "repo": "calvera-dark.nvim",
        "rev": "84802d0bde047ce79ebfddc1800800f0bd67f37a",
        "type": "github"
      },
      "original": {
        "owner": "yashguptaz",
        "repo": "calvera-dark.nvim",
        "type": "github"
      }
    },
    "dial-nvim": {
      "flake": false,
      "locked": {
        "lastModified": 1649194963,
        "narHash": "sha256-oekwV/gIO527J5znpLhC8Rj2sjOj3DFe+Cr3vQVhazc=",
        "owner": "monaqa",
        "repo": "dial.nvim",
        "rev": "7413a51077744fed613eaa08f7b6d1f0635735d8",
        "type": "github"
      },
      "original": {
        "owner": "monaqa",
        "repo": "dial.nvim",
        "type": "github"
      }
    },
    "flake-compat": {
      "flake": false,
      "locked": {
        "lastModified": 1648199409,
        "narHash": "sha256-JwPKdC2PoVBkG6E+eWw3j6BMR6sL3COpYWfif7RVb8Y=",
        "owner": "edolstra",
        "repo": "flake-compat",
        "rev": "64a525ee38886ab9028e6f61790de0832aa3ef03",
        "type": "github"
      },
      "original": {
        "owner": "edolstra",
        "repo": "flake-compat",
        "type": "github"
      }
    },
    "flake-utils": {
      "locked": {
        "lastModified": 1644229661,
        "narHash": "sha256-1YdnJAsNy69bpcjuoKdOYQX0YxZBiCYZo4Twxerqv7k=",
        "owner": "numtide",
        "repo": "flake-utils",
        "rev": "3cecb5b042f7f209c56ffd8371b2711a290ec797",
        "type": "github"
      },
      "original": {
        "owner": "numtide",
        "repo": "flake-utils",
        "type": "github"
      }
    },
    "home-manager": {
      "inputs": {
        "nixpkgs": [
          "nixpkgs"
        ]
      },
      "locked": {
        "lastModified": 1649887921,
        "narHash": "sha256-h2LZzn5LLwIFvVFLCdR8+VWluEP3U1I5y+0mDZjFjAk=",
        "owner": "rycee",
        "repo": "home-manager",
        "rev": "92f58b6728e7c631a7ea0ed68cd21bb29a4876ff",
        "type": "github"
      },
      "original": {
        "owner": "rycee",
        "ref": "master",
        "repo": "home-manager",
        "type": "github"
      }
    },
    "monochrome-nvim": {
      "flake": false,
      "locked": {
        "lastModified": 1626289966,
        "narHash": "sha256-TgilR5jnos2YZeaJUuej35bQ9yE825MQk0s6gxwkAbA=",
        "owner": "kdheepak",
        "repo": "monochrome.nvim",
        "rev": "2de78d9688ea4a177bcd9be554ab9192337d35ff",
        "type": "github"
      },
      "original": {
        "owner": "kdheepak",
        "repo": "monochrome.nvim",
        "type": "github"
      }
    },
    "neo-tree-nvim": {
      "flake": false,
      "locked": {
        "lastModified": 1649868634,
        "narHash": "sha256-Mxg+TNEwBMcEYVUiNxCjuiPtNnG+MSrcfn29YvXwboo=",
        "owner": "nvim-neo-tree",
        "repo": "neo-tree.nvim",
        "rev": "a1f5f4b15cec517d632e7335d20400cb3f410606",
        "type": "github"
      },
      "original": {
        "owner": "nvim-neo-tree",
        "repo": "neo-tree.nvim",
        "type": "github"
      }
    },
    "neovim-flake": {
      "inputs": {
        "flake-utils": "flake-utils",
        "nixpkgs": [
          "neovim-nightly",
          "nixpkgs"
        ]
      },
      "locked": {
        "dir": "contrib",
        "lastModified": 1649884316,
        "narHash": "sha256-3Kw4IeTr4RtAJjdS6jrrfTVQrC/mTv1x4IP6iXO2CRA=",
        "owner": "neovim",
        "repo": "neovim",
        "rev": "8486c87e58beb4c88957398db1890e0836a0c75e",
        "type": "github"
      },
      "original": {
        "dir": "contrib",
        "owner": "neovim",
        "repo": "neovim",
        "type": "github"
      }
    },
    "neovim-nightly": {
      "inputs": {
        "flake-compat": "flake-compat",
        "neovim-flake": "neovim-flake",
        "nixpkgs": [
          "nixpkgs"
        ]
      },
      "locked": {
        "lastModified": 1649924456,
        "narHash": "sha256-Psn9b0ujKGld/rY9dDOwwkcNyWFQSxlLF0XpvN9AIO4=",
        "owner": "nix-community",
        "repo": "neovim-nightly-overlay",
        "rev": "b3cde03ebb2250cfee42830bd023864927bfc723",
        "type": "github"
      },
      "original": {
        "owner": "nix-community",
        "repo": "neovim-nightly-overlay",
        "type": "github"
      }
    },
    "nixpkgs": {
      "locked": {
        "lastModified": 1649930986,
        "narHash": "sha256-csbCr9UEgJxgpi1ud4k0rqg1qVS4FLHrhpkLVVgo8dM=",
        "owner": "NixOS",
        "repo": "nixpkgs",
        "rev": "6361b4941a69395ebf15e6e56b142765fce850f9",
        "type": "github"
      },
      "original": {
        "id": "nixpkgs",
        "ref": "nixpkgs-unstable",
        "type": "indirect"
      }
    },
    "nur": {
      "locked": {
        "lastModified": 1649951095,
        "narHash": "sha256-1aHWRhWp3uvbe7WanHf+Dw2bneYytCEteL3vCjHG9dY=",
        "owner": "nix-community",
        "repo": "NUR",
        "rev": "b8091d09e4655398f030aeaa89670eeb558aa0de",
        "type": "github"
      },
      "original": {
        "owner": "nix-community",
        "repo": "NUR",
        "type": "github"
      }
    },
    "nvim-base16": {
      "flake": false,
      "locked": {
        "lastModified": 1640979510,
        "narHash": "sha256-bSEL6eLqhngErEkQETbkkCLz1/x1DQpa0RCqErymGBk=",
        "owner": "SenorCornflake",
        "repo": "nvim-base16",
        "rev": "134cc8f41c9f881e9bee246ff14444ddc1948348",
        "type": "github"
      },
      "original": {
        "owner": "SenorCornflake",
        "repo": "nvim-base16",
        "type": "github"
      }
    },
    "nvim-scrollbar": {
      "flake": false,
      "locked": {
        "lastModified": 1648946578,
        "narHash": "sha256-FRZgUiJrYJ3P4/ZCG8GZBK9+djEcYzWXNT/EDRVmiKs=",
        "owner": "petertriho",
        "repo": "nvim-scrollbar",
        "rev": "30972401dffb8a72dec29bb17b5b81a88bc8d07a",
        "type": "github"
      },
      "original": {
        "owner": "petertriho",
        "repo": "nvim-scrollbar",
        "type": "github"
      }
    },
    "root": {
      "inputs": {
        "calvera-dark-nvim": "calvera-dark-nvim",
        "dial-nvim": "dial-nvim",
        "home-manager": "home-manager",
        "monochrome-nvim": "monochrome-nvim",
        "neo-tree-nvim": "neo-tree-nvim",
        "neovim-nightly": "neovim-nightly",
        "nixpkgs": "nixpkgs",
        "nur": "nur",
        "nvim-base16": "nvim-base16",
        "nvim-scrollbar": "nvim-scrollbar",
        "substrata-nvim": "substrata-nvim",
        "vim-enfocado": "vim-enfocado",
        "vim-moonfly-colors": "vim-moonfly-colors",
        "yankassassin-vim": "yankassassin-vim",
        "zenbones-nvim": "zenbones-nvim"
      }
    },
    "substrata-nvim": {
      "flake": false,
      "locked": {
        "lastModified": 1648455267,
        "narHash": "sha256-L+IoZL99Z2bNDl0jlJ4rwcZXjuXPvn7ygZCET2kHjr8=",
        "owner": "kvrohit",
        "repo": "substrata.nvim",
        "rev": "3b240b19b9253c2120f0a5c380f3e9c485493866",
        "type": "github"
      },
      "original": {
        "owner": "kvrohit",
        "repo": "substrata.nvim",
        "type": "github"
      }
    },
    "vim-enfocado": {
      "flake": false,
      "locked": {
        "lastModified": 1648076770,
        "narHash": "sha256-Txiyq36C7GuQTAROKRjcvwKqFZyYedbI1o0V5/wPSto=",
        "owner": "wuelnerdotexe",
        "repo": "vim-enfocado",
        "rev": "2a40e1849e78b4fd1570356732c7311e1830ecbd",
        "type": "github"
      },
      "original": {
        "owner": "wuelnerdotexe",
        "repo": "vim-enfocado",
        "type": "github"
      }
    },
    "vim-moonfly-colors": {
      "flake": false,
      "locked": {
        "lastModified": 1648623462,
        "narHash": "sha256-9NV4SUr2ueH6bI24qQO7B3YCnXhC2BwAZULilb3zmPE=",
        "owner": "bluz71",
        "repo": "vim-moonfly-colors",
        "rev": "fa03e80f80a1a3dc660150340f6ed9473cfe6471",
        "type": "github"
      },
      "original": {
        "owner": "bluz71",
        "repo": "vim-moonfly-colors",
        "type": "github"
      }
    },
    "yankassassin-vim": {
      "flake": false,
      "locked": {
        "lastModified": 1646983300,
        "narHash": "sha256-xuQ60dTv+GjU904SB+Nt3tclbNsOycZurdtYZWciD3A=",
        "owner": "svban",
        "repo": "YankAssassin.vim",
        "rev": "55ce478a08333c086bcccdf087453085f85854d4",
        "type": "github"
      },
      "original": {
        "owner": "svban",
        "repo": "YankAssassin.vim",
        "type": "github"
      }
    },
    "zenbones-nvim": {
      "flake": false,
      "locked": {
        "lastModified": 1644819321,
        "narHash": "sha256-L9velRUwXaf6QhAx6gqsZT3Zf3LzuEKNUvLIvLyovmM=",
        "owner": "mcchrish",
        "repo": "zenbones.nvim",
        "rev": "1e0b792efd4cee41c8005d6b61a6e1f91a630c6b",
        "type": "github"
      },
      "original": {
        "owner": "mcchrish",
        "repo": "zenbones.nvim",
        "type": "github"
      }
    }
  },
  "root": "root",
  "version": 7
}
