{
  "nodes": {
    "alpha-nvim": {
      "flake": false,
      "locked": {
        "lastModified": 1650598953,
        "narHash": "sha256-GA+fIfVlHOllojGyErYGC0+zyYTl9rOxendqOgApJw4=",
        "owner": "goolord",
        "repo": "alpha-nvim",
        "rev": "4781fcfea5ddc1a92d41b32dc325132ed6fce7a8",
        "type": "github"
      },
      "original": {
        "owner": "goolord",
        "repo": "alpha-nvim",
        "type": "github"
      }
    },
    "calvera-dark-nvim": {
      "flake": false,
      "locked": {
        "lastModified": 1628826150,
        "narHash": "sha256-DMyElTyzSqqcKnfVm/Rjkg9Ax5WvRw5lDW1A/0+Tmfg=",
        "owner": "yashguptaz",
        "repo": "calvera-dark.nvim",
        "rev": "84802d0bde047ce79ebfddc1800800f0bd67f37a",
        "type": "github"
      },
      "original": {
        "owner": "yashguptaz",
        "repo": "calvera-dark.nvim",
        "type": "github"
      }
    },
    "dial-nvim": {
      "flake": false,
      "locked": {
        "lastModified": 1649194963,
        "narHash": "sha256-oekwV/gIO527J5znpLhC8Rj2sjOj3DFe+Cr3vQVhazc=",
        "owner": "monaqa",
        "repo": "dial.nvim",
        "rev": "7413a51077744fed613eaa08f7b6d1f0635735d8",
        "type": "github"
      },
      "original": {
        "owner": "monaqa",
        "repo": "dial.nvim",
        "type": "github"
      }
    },
    "flake-compat": {
      "flake": false,
      "locked": {
        "lastModified": 1650374568,
        "narHash": "sha256-Z+s0J8/r907g149rllvwhb4pKi8Wam5ij0st8PwAh+E=",
        "owner": "edolstra",
        "repo": "flake-compat",
        "rev": "b4a34015c698c7793d592d66adbab377907a2be8",
        "type": "github"
      },
      "original": {
        "owner": "edolstra",
        "repo": "flake-compat",
        "type": "github"
      }
    },
    "flake-utils": {
      "locked": {
        "lastModified": 1644229661,
        "narHash": "sha256-1YdnJAsNy69bpcjuoKdOYQX0YxZBiCYZo4Twxerqv7k=",
        "owner": "numtide",
        "repo": "flake-utils",
        "rev": "3cecb5b042f7f209c56ffd8371b2711a290ec797",
        "type": "github"
      },
      "original": {
        "owner": "numtide",
        "repo": "flake-utils",
        "type": "github"
      }
    },
    "home-manager": {
      "inputs": {
        "nixpkgs": [
          "nixpkgs"
        ]
      },
      "locked": {
        "lastModified": 1651415224,
        "narHash": "sha256-O/EzwxUMa1OawWEwhS10Xki7RX3+hSgaJJziHeI4d7c=",
        "owner": "rycee",
        "repo": "home-manager",
        "rev": "26858fc0dbed71fa0609490fc2f2643e0d175328",
        "type": "github"
      },
      "original": {
        "owner": "rycee",
        "ref": "master",
        "repo": "home-manager",
        "type": "github"
      }
    },
    "kanagawa-nvim": {
      "flake": false,
      "locked": {
        "lastModified": 1650535465,
        "narHash": "sha256-ilW0fN/bY6nsRQ3FGqTIkzgrEPM98Ffstb9EkeBs7Bk=",
        "owner": "rebelot",
        "repo": "kanagawa.nvim",
        "rev": "0ad738e7cc43514d35388c1caca13990d688aa5c",
        "type": "github"
      },
      "original": {
        "owner": "rebelot",
        "repo": "kanagawa.nvim",
        "type": "github"
      }
    },
    "monochrome-nvim": {
      "flake": false,
      "locked": {
        "lastModified": 1626289966,
        "narHash": "sha256-TgilR5jnos2YZeaJUuej35bQ9yE825MQk0s6gxwkAbA=",
        "owner": "kdheepak",
        "repo": "monochrome.nvim",
        "rev": "2de78d9688ea4a177bcd9be554ab9192337d35ff",
        "type": "github"
      },
      "original": {
        "owner": "kdheepak",
        "repo": "monochrome.nvim",
        "type": "github"
      }
    },
    "neo-tree-nvim": {
      "flake": false,
      "locked": {
        "lastModified": 1651416351,
        "narHash": "sha256-UbnEVgDWf23xskIqgXrz/hUdtzv0mglicSW/uuCAHF8=",
        "owner": "nvim-neo-tree",
        "repo": "neo-tree.nvim",
        "rev": "596881126091afdc9ddf4bc01e3caf5b1ea38d7f",
        "type": "github"
      },
      "original": {
        "owner": "nvim-neo-tree",
        "repo": "neo-tree.nvim",
        "type": "github"
      }
    },
    "neovim-flake": {
      "inputs": {
        "flake-utils": "flake-utils",
        "nixpkgs": [
          "neovim-nightly",
          "nixpkgs"
        ]
      },
      "locked": {
        "dir": "contrib",
        "lastModified": 1651381075,
        "narHash": "sha256-jVU1WolekCTYM6O/8hpVVkpff+sT1EHPHu11ckdx08Q=",
        "owner": "neovim",
        "repo": "neovim",
        "rev": "07660193a38918aa6a17ec691c4e8b021436ed67",
        "type": "github"
      },
      "original": {
        "dir": "contrib",
        "owner": "neovim",
        "repo": "neovim",
        "type": "github"
      }
    },
    "neovim-nightly": {
      "inputs": {
        "flake-compat": "flake-compat",
        "neovim-flake": "neovim-flake",
        "nixpkgs": [
          "nixpkgs"
        ]
      },
      "locked": {
        "lastModified": 1651392941,
        "narHash": "sha256-Gv377HY45bPZj0cKPo5BJGxDHI+TN62MNWF/n/iO0Q8=",
        "owner": "nix-community",
        "repo": "neovim-nightly-overlay",
        "rev": "efb684030fa093f0a5f0327994fea1ab790859e6",
        "type": "github"
      },
      "original": {
        "owner": "nix-community",
        "repo": "neovim-nightly-overlay",
        "type": "github"
      }
    },
    "nixpkgs": {
      "locked": {
        "lastModified": 1651007983,
        "narHash": "sha256-GNay7yDPtLcRcKCNHldug85AhAvBpTtPEJWSSDYBw8U=",
        "owner": "NixOS",
        "repo": "nixpkgs",
        "rev": "e10da1c7f542515b609f8dfbcf788f3d85b14936",
        "type": "github"
      },
      "original": {
        "owner": "NixOS",
        "ref": "nixos-unstable",
        "repo": "nixpkgs",
        "type": "github"
      }
    },
    "nixpkgs-stable": {
      "locked": {
        "lastModified": 1651310835,
        "narHash": "sha256-MLk/zsLlbPhwFucxL64Fr+oIrvQC2/76Ap2F7ekbPNI=",
        "owner": "NixOS",
        "repo": "nixpkgs",
        "rev": "fd3e33d696b81e76b30160dfad2efb7ac1f19879",
        "type": "github"
      },
      "original": {
        "owner": "NixOS",
        "ref": "nixos-21.11",
        "repo": "nixpkgs",
        "type": "github"
      }
    },
    "nixpkgs-unstable": {
      "locked": {
        "lastModified": 1651369430,
        "narHash": "sha256-d86uUm0s11exU9zLo2K1AwtJQJDKubFpoF0Iw767uT4=",
        "owner": "NixOS",
        "repo": "nixpkgs",
        "rev": "b283b64580d1872333a99af2b4cef91bb84580cf",
        "type": "github"
      },
      "original": {
        "owner": "NixOS",
        "ref": "nixpkgs-unstable",
        "repo": "nixpkgs",
        "type": "github"
      }
    },
    "nur": {
      "locked": {
        "lastModified": 1651464443,
        "narHash": "sha256-XshP008dDpa3EnP3QzaL9lESGVYpQ68ZA/hx+b+aO04=",
        "owner": "nix-community",
        "repo": "NUR",
        "rev": "9137b3262026f6886dcc6f3f9e820e47065ad1b7",
        "type": "github"
      },
      "original": {
        "owner": "nix-community",
        "repo": "NUR",
        "type": "github"
      }
    },
    "nvim-base16": {
      "flake": false,
      "locked": {
        "lastModified": 1650897107,
        "narHash": "sha256-p6jQPR1dYEjc3WlVvF6Zzd3R7UYAevb5+VlaeMiho1w=",
        "owner": "rrethy",
        "repo": "nvim-base16",
        "rev": "70fe3102158b2765d5bba46f398bd4213997936f",
        "type": "github"
      },
      "original": {
        "owner": "rrethy",
        "repo": "nvim-base16",
        "type": "github"
      }
    },
    "nvim-scrollbar": {
      "flake": false,
      "locked": {
        "lastModified": 1651455685,
        "narHash": "sha256-Ho+iAPxoE8dth691bQVib29dfUsupX0Nn4BnxQeJX38=",
        "owner": "petertriho",
        "repo": "nvim-scrollbar",
        "rev": "4143fe8e4f3ca901d40626739143eda884b31456",
        "type": "github"
      },
      "original": {
        "owner": "petertriho",
        "repo": "nvim-scrollbar",
        "type": "github"
      }
    },
    "root": {
      "inputs": {
        "alpha-nvim": "alpha-nvim",
        "calvera-dark-nvim": "calvera-dark-nvim",
        "dial-nvim": "dial-nvim",
        "home-manager": "home-manager",
        "kanagawa-nvim": "kanagawa-nvim",
        "monochrome-nvim": "monochrome-nvim",
        "neo-tree-nvim": "neo-tree-nvim",
        "neovim-nightly": "neovim-nightly",
        "nixpkgs": "nixpkgs",
        "nixpkgs-stable": "nixpkgs-stable",
        "nixpkgs-unstable": "nixpkgs-unstable",
        "nur": "nur",
        "nvim-base16": "nvim-base16",
        "nvim-scrollbar": "nvim-scrollbar",
        "substrata-nvim": "substrata-nvim",
        "vim-enfocado": "vim-enfocado",
        "vim-moonfly-colors": "vim-moonfly-colors",
        "yankassassin-vim": "yankassassin-vim",
        "zenbones-nvim": "zenbones-nvim"
      }
    },
    "substrata-nvim": {
      "flake": false,
      "locked": {
        "lastModified": 1648455267,
        "narHash": "sha256-L+IoZL99Z2bNDl0jlJ4rwcZXjuXPvn7ygZCET2kHjr8=",
        "owner": "kvrohit",
        "repo": "substrata.nvim",
        "rev": "3b240b19b9253c2120f0a5c380f3e9c485493866",
        "type": "github"
      },
      "original": {
        "owner": "kvrohit",
        "repo": "substrata.nvim",
        "type": "github"
      }
    },
    "vim-enfocado": {
      "flake": false,
      "locked": {
        "lastModified": 1648076770,
        "narHash": "sha256-Txiyq36C7GuQTAROKRjcvwKqFZyYedbI1o0V5/wPSto=",
        "owner": "wuelnerdotexe",
        "repo": "vim-enfocado",
        "rev": "2a40e1849e78b4fd1570356732c7311e1830ecbd",
        "type": "github"
      },
      "original": {
        "owner": "wuelnerdotexe",
        "repo": "vim-enfocado",
        "type": "github"
      }
    },
    "vim-moonfly-colors": {
      "flake": false,
      "locked": {
        "lastModified": 1648623462,
        "narHash": "sha256-9NV4SUr2ueH6bI24qQO7B3YCnXhC2BwAZULilb3zmPE=",
        "owner": "bluz71",
        "repo": "vim-moonfly-colors",
        "rev": "fa03e80f80a1a3dc660150340f6ed9473cfe6471",
        "type": "github"
      },
      "original": {
        "owner": "bluz71",
        "repo": "vim-moonfly-colors",
        "type": "github"
      }
    },
    "yankassassin-vim": {
      "flake": false,
      "locked": {
        "lastModified": 1646983300,
        "narHash": "sha256-xuQ60dTv+GjU904SB+Nt3tclbNsOycZurdtYZWciD3A=",
        "owner": "svban",
        "repo": "YankAssassin.vim",
        "rev": "55ce478a08333c086bcccdf087453085f85854d4",
        "type": "github"
      },
      "original": {
        "owner": "svban",
        "repo": "YankAssassin.vim",
        "type": "github"
      }
    },
    "zenbones-nvim": {
      "flake": false,
      "locked": {
        "lastModified": 1651367269,
        "narHash": "sha256-R8kmlBmpzWAd/gFRaot/dtY9Gte9x6BRk4+oUivE/XY=",
        "owner": "mcchrish",
        "repo": "zenbones.nvim",
        "rev": "e4def19944485787f5172bb952f8d46755999688",
        "type": "github"
      },
      "original": {
        "owner": "mcchrish",
        "repo": "zenbones.nvim",
        "type": "github"
      }
    }
  },
  "root": "root",
  "version": 7
}
