{
  "nodes": {
    "alpha-nvim": {
      "flake": false,
      "locked": {
        "lastModified": 1650598953,
        "narHash": "sha256-GA+fIfVlHOllojGyErYGC0+zyYTl9rOxendqOgApJw4=",
        "owner": "goolord",
        "repo": "alpha-nvim",
        "rev": "4781fcfea5ddc1a92d41b32dc325132ed6fce7a8",
        "type": "github"
      },
      "original": {
        "owner": "goolord",
        "repo": "alpha-nvim",
        "type": "github"
      }
    },
    "calvera-dark-nvim": {
      "flake": false,
      "locked": {
        "lastModified": 1628826150,
        "narHash": "sha256-DMyElTyzSqqcKnfVm/Rjkg9Ax5WvRw5lDW1A/0+Tmfg=",
        "owner": "yashguptaz",
        "repo": "calvera-dark.nvim",
        "rev": "84802d0bde047ce79ebfddc1800800f0bd67f37a",
        "type": "github"
      },
      "original": {
        "owner": "yashguptaz",
        "repo": "calvera-dark.nvim",
        "type": "github"
      }
    },
    "dial-nvim": {
      "flake": false,
      "locked": {
        "lastModified": 1649194963,
        "narHash": "sha256-oekwV/gIO527J5znpLhC8Rj2sjOj3DFe+Cr3vQVhazc=",
        "owner": "monaqa",
        "repo": "dial.nvim",
        "rev": "7413a51077744fed613eaa08f7b6d1f0635735d8",
        "type": "github"
      },
      "original": {
        "owner": "monaqa",
        "repo": "dial.nvim",
        "type": "github"
      }
    },
    "flake-compat": {
      "flake": false,
      "locked": {
        "lastModified": 1650374568,
        "narHash": "sha256-Z+s0J8/r907g149rllvwhb4pKi8Wam5ij0st8PwAh+E=",
        "owner": "edolstra",
        "repo": "flake-compat",
        "rev": "b4a34015c698c7793d592d66adbab377907a2be8",
        "type": "github"
      },
      "original": {
        "owner": "edolstra",
        "repo": "flake-compat",
        "type": "github"
      }
    },
    "flake-utils": {
      "locked": {
        "lastModified": 1644229661,
        "narHash": "sha256-1YdnJAsNy69bpcjuoKdOYQX0YxZBiCYZo4Twxerqv7k=",
        "owner": "numtide",
        "repo": "flake-utils",
        "rev": "3cecb5b042f7f209c56ffd8371b2711a290ec797",
        "type": "github"
      },
      "original": {
        "owner": "numtide",
        "repo": "flake-utils",
        "type": "github"
      }
    },
    "home-manager": {
      "inputs": {
        "nixpkgs": [
          "nixpkgs"
        ]
      },
      "locked": {
        "lastModified": 1651886851,
        "narHash": "sha256-kbXOJSf1uho0/7P54nZkJdJY3oAelIjyc6tfiRhaXJI=",
        "owner": "rycee",
        "repo": "home-manager",
        "rev": "882bd8118bdbff3a6e53e5ced393932b351ce2f6",
        "type": "github"
      },
      "original": {
        "owner": "rycee",
        "ref": "master",
        "repo": "home-manager",
        "type": "github"
      }
    },
    "kanagawa-nvim": {
      "flake": false,
      "locked": {
        "lastModified": 1651664654,
        "narHash": "sha256-EULqF/sjExi5LhvCGphJbLzf0HYPnY1jqIkreq/WKhQ=",
        "owner": "rebelot",
        "repo": "kanagawa.nvim",
        "rev": "50e7b43552072696d26757aff5f6307e2ab5e3ea",
        "type": "github"
      },
      "original": {
        "owner": "rebelot",
        "repo": "kanagawa.nvim",
        "type": "github"
      }
    },
    "monochrome-nvim": {
      "flake": false,
      "locked": {
        "lastModified": 1626289966,
        "narHash": "sha256-TgilR5jnos2YZeaJUuej35bQ9yE825MQk0s6gxwkAbA=",
        "owner": "kdheepak",
        "repo": "monochrome.nvim",
        "rev": "2de78d9688ea4a177bcd9be554ab9192337d35ff",
        "type": "github"
      },
      "original": {
        "owner": "kdheepak",
        "repo": "monochrome.nvim",
        "type": "github"
      }
    },
    "neo-tree-nvim": {
      "flake": false,
      "locked": {
        "lastModified": 1651712322,
        "narHash": "sha256-FXvwT3olPXPOTdjqn9tWiuhEvHgvWooLZOo+Pc05H1g=",
        "owner": "nvim-neo-tree",
        "repo": "neo-tree.nvim",
        "rev": "71e3d71db729a3ae9d0abc870c6a193343b60a96",
        "type": "github"
      },
      "original": {
        "owner": "nvim-neo-tree",
        "repo": "neo-tree.nvim",
        "type": "github"
      }
    },
    "neovim-flake": {
      "inputs": {
        "flake-utils": "flake-utils",
        "nixpkgs": [
          "neovim-nightly",
          "nixpkgs"
        ]
      },
      "locked": {
        "dir": "contrib",
        "lastModified": 1651967472,
        "narHash": "sha256-IWS9TZM069Vx5zfoome6DQtksrTQH+hYE/6SMbqeiqI=",
        "owner": "neovim",
        "repo": "neovim",
        "rev": "1b1cc4d864b4b15e705c1a500e64c7bfbacedae7",
        "type": "github"
      },
      "original": {
        "dir": "contrib",
        "owner": "neovim",
        "repo": "neovim",
        "type": "github"
      }
    },
    "neovim-nightly": {
      "inputs": {
        "flake-compat": "flake-compat",
        "neovim-flake": "neovim-flake",
        "nixpkgs": [
          "nixpkgs"
        ]
      },
      "locked": {
        "lastModified": 1651997771,
        "narHash": "sha256-HMSasQdb+AwUWPuW6cjMdpuCiBv0rc8WPJujgviX8gQ=",
        "owner": "nix-community",
        "repo": "neovim-nightly-overlay",
        "rev": "2d78158598b480007e8655bb94634ebc21e990c9",
        "type": "github"
      },
      "original": {
        "owner": "nix-community",
        "repo": "neovim-nightly-overlay",
        "type": "github"
      }
    },
    "nixpkgs": {
      "locked": {
        "lastModified": 1651726670,
        "narHash": "sha256-dSGdzB49SEvdOJvrQWfQYkAefewXraHIV08Vz6iDXWQ=",
        "owner": "NixOS",
        "repo": "nixpkgs",
        "rev": "c777cdf5c564015d5f63b09cc93bef4178b19b01",
        "type": "github"
      },
      "original": {
        "owner": "NixOS",
        "ref": "nixos-unstable",
        "repo": "nixpkgs",
        "type": "github"
      }
    },
    "nixpkgs-stable": {
      "locked": {
        "lastModified": 1651865313,
        "narHash": "sha256-fLnmcBaVpJukNIzXZETxtJKLSSTf4LnBCWa/DwyGJBU=",
        "owner": "NixOS",
        "repo": "nixpkgs",
        "rev": "ad667404474314806d8071eec4c8ec0db95c17e4",
        "type": "github"
      },
      "original": {
        "owner": "NixOS",
        "ref": "nixos-21.11",
        "repo": "nixpkgs",
        "type": "github"
      }
    },
    "nixpkgs-unstable": {
      "locked": {
        "lastModified": 1651981559,
        "narHash": "sha256-vOcCFzuBbYsDyAahnd8PcxcRAAMeDL/fefvIRPyuOi0=",
        "owner": "NixOS",
        "repo": "nixpkgs",
        "rev": "0f949eb7f11e0f7fbe5bb863a900104227969bf7",
        "type": "github"
      },
      "original": {
        "owner": "NixOS",
        "ref": "nixpkgs-unstable",
        "repo": "nixpkgs",
        "type": "github"
      }
    },
    "nur": {
      "locked": {
        "lastModified": 1652034323,
        "narHash": "sha256-gcdkE+h9Ib/CRV7PKj+GjiRBLskO+Cn61ldH4rD9/sg=",
        "owner": "nix-community",
        "repo": "NUR",
        "rev": "8bbefa7e35a8685ef0a7d759ea7da47d6969b991",
        "type": "github"
      },
      "original": {
        "owner": "nix-community",
        "repo": "NUR",
        "type": "github"
      }
    },
    "nvim-base16": {
      "flake": false,
      "locked": {
        "lastModified": 1650897107,
        "narHash": "sha256-p6jQPR1dYEjc3WlVvF6Zzd3R7UYAevb5+VlaeMiho1w=",
        "owner": "rrethy",
        "repo": "nvim-base16",
        "rev": "70fe3102158b2765d5bba46f398bd4213997936f",
        "type": "github"
      },
      "original": {
        "owner": "rrethy",
        "repo": "nvim-base16",
        "type": "github"
      }
    },
    "nvim-scrollbar": {
      "flake": false,
      "locked": {
        "lastModified": 1651634709,
        "narHash": "sha256-RU2DciOfdwpKQKE8uNfdEPWqSHLKFEGUb/m/Lom8GIE=",
        "owner": "petertriho",
        "repo": "nvim-scrollbar",
        "rev": "0a530f3ff720c5e5a9fb801ebc19102359898a0e",
        "type": "github"
      },
      "original": {
        "owner": "petertriho",
        "repo": "nvim-scrollbar",
        "type": "github"
      }
    },
    "nvim-treesitter-context": {
      "flake": false,
      "locked": {
        "lastModified": 1650876005,
        "narHash": "sha256-qsfPqC6wpvM/fvGBtfKY7CjdgjGa6JsyOrI7ZWC7jyM=",
        "owner": "lewis6991",
        "repo": "nvim-treesitter-context",
        "rev": "28fd8fea0d056333dcd3cd5abcb1256e3e526417",
        "type": "github"
      },
      "original": {
        "owner": "lewis6991",
        "repo": "nvim-treesitter-context",
        "type": "github"
      }
    },
    "remote-control-client": {
      "inputs": {
        "nixpkgs": [
          "nixpkgs"
        ]
      },
      "locked": {
        "lastModified": 1652094462,
        "narHash": "sha256-I6WvWSzEYLN4qG8TexyQLVeMjb4cs8SXjVA+j1ZXpqw=",
        "owner": "SenorCornflake",
        "repo": "remote-control-client",
        "rev": "761af79aeb799e1c3b0fcd45f01ba50ef7433a1e",
        "type": "github"
      },
      "original": {
        "owner": "SenorCornflake",
        "repo": "remote-control-client",
        "type": "github"
      }
    },
    "root": {
      "inputs": {
        "alpha-nvim": "alpha-nvim",
        "calvera-dark-nvim": "calvera-dark-nvim",
        "dial-nvim": "dial-nvim",
        "home-manager": "home-manager",
        "kanagawa-nvim": "kanagawa-nvim",
        "monochrome-nvim": "monochrome-nvim",
        "neo-tree-nvim": "neo-tree-nvim",
        "neovim-nightly": "neovim-nightly",
        "nixpkgs": "nixpkgs",
        "nixpkgs-stable": "nixpkgs-stable",
        "nixpkgs-unstable": "nixpkgs-unstable",
        "nur": "nur",
        "nvim-base16": "nvim-base16",
        "nvim-scrollbar": "nvim-scrollbar",
        "nvim-treesitter-context": "nvim-treesitter-context",
        "remote-control-client": "remote-control-client",
        "substrata-nvim": "substrata-nvim",
        "vim-enfocado": "vim-enfocado",
        "vim-moonfly-colors": "vim-moonfly-colors",
        "yankassassin-vim": "yankassassin-vim",
        "zenbones-nvim": "zenbones-nvim"
      }
    },
    "substrata-nvim": {
      "flake": false,
      "locked": {
        "lastModified": 1648455267,
        "narHash": "sha256-L+IoZL99Z2bNDl0jlJ4rwcZXjuXPvn7ygZCET2kHjr8=",
        "owner": "kvrohit",
        "repo": "substrata.nvim",
        "rev": "3b240b19b9253c2120f0a5c380f3e9c485493866",
        "type": "github"
      },
      "original": {
        "owner": "kvrohit",
        "repo": "substrata.nvim",
        "type": "github"
      }
    },
    "vim-enfocado": {
      "flake": false,
      "locked": {
        "lastModified": 1648076770,
        "narHash": "sha256-Txiyq36C7GuQTAROKRjcvwKqFZyYedbI1o0V5/wPSto=",
        "owner": "wuelnerdotexe",
        "repo": "vim-enfocado",
        "rev": "2a40e1849e78b4fd1570356732c7311e1830ecbd",
        "type": "github"
      },
      "original": {
        "owner": "wuelnerdotexe",
        "repo": "vim-enfocado",
        "type": "github"
      }
    },
    "vim-moonfly-colors": {
      "flake": false,
      "locked": {
        "lastModified": 1651994939,
        "narHash": "sha256-PpC7KT1OOB/aYcTJauB3OruocSOVfYECncdgg9W59Ds=",
        "owner": "bluz71",
        "repo": "vim-moonfly-colors",
        "rev": "f467bbecd3cee180e3bfe806c667f022a3405150",
        "type": "github"
      },
      "original": {
        "owner": "bluz71",
        "repo": "vim-moonfly-colors",
        "type": "github"
      }
    },
    "yankassassin-vim": {
      "flake": false,
      "locked": {
        "lastModified": 1646983300,
        "narHash": "sha256-xuQ60dTv+GjU904SB+Nt3tclbNsOycZurdtYZWciD3A=",
        "owner": "svban",
        "repo": "YankAssassin.vim",
        "rev": "55ce478a08333c086bcccdf087453085f85854d4",
        "type": "github"
      },
      "original": {
        "owner": "svban",
        "repo": "YankAssassin.vim",
        "type": "github"
      }
    },
    "zenbones-nvim": {
      "flake": false,
      "locked": {
        "lastModified": 1651367269,
        "narHash": "sha256-R8kmlBmpzWAd/gFRaot/dtY9Gte9x6BRk4+oUivE/XY=",
        "owner": "mcchrish",
        "repo": "zenbones.nvim",
        "rev": "e4def19944485787f5172bb952f8d46755999688",
        "type": "github"
      },
      "original": {
        "owner": "mcchrish",
        "repo": "zenbones.nvim",
        "type": "github"
      }
    }
  },
  "root": "root",
  "version": 7
}
