{
  "nodes": {
    "calvera-dark-nvim": {
      "flake": false,
      "locked": {
        "lastModified": 1628826150,
        "narHash": "sha256-DMyElTyzSqqcKnfVm/Rjkg9Ax5WvRw5lDW1A/0+Tmfg=",
        "owner": "yashguptaz",
        "repo": "calvera-dark.nvim",
        "rev": "84802d0bde047ce79ebfddc1800800f0bd67f37a",
        "type": "github"
      },
      "original": {
        "owner": "yashguptaz",
        "repo": "calvera-dark.nvim",
        "type": "github"
      }
    },
    "catppuccin-nvim": {
      "flake": false,
      "locked": {
        "lastModified": 1641853116,
        "narHash": "sha256-Np460a6mfiw1lnP0f7YoEKy6oDJvxZxtIeflWGDsONk=",
        "owner": "catppuccin",
        "repo": "nvim",
        "rev": "90536616f43b95ed8134d44c20768bc0f9dc114f",
        "type": "github"
      },
      "original": {
        "owner": "catppuccin",
        "repo": "nvim",
        "type": "github"
      }
    },
    "dial-nvim": {
      "flake": false,
      "locked": {
        "lastModified": 1616415354,
        "narHash": "sha256-94j9UfolzY6gMaZDS0z7bug8y4wztxDTer60aZ9tVNI=",
        "owner": "monaqa",
        "repo": "dial.nvim",
        "rev": "3390a2b304c7c8d22f15797aaca34b6bb3b39c73",
        "type": "github"
      },
      "original": {
        "owner": "monaqa",
        "repo": "dial.nvim",
        "type": "github"
      }
    },
    "flake-compat": {
      "flake": false,
      "locked": {
        "lastModified": 1641205782,
        "narHash": "sha256-4jY7RCWUoZ9cKD8co0/4tFARpWB+57+r1bLLvXNJliY=",
        "owner": "edolstra",
        "repo": "flake-compat",
        "rev": "b7547d3eed6f32d06102ead8991ec52ab0a4f1a7",
        "type": "github"
      },
      "original": {
        "owner": "edolstra",
        "repo": "flake-compat",
        "type": "github"
      }
    },
    "flake-utils": {
      "locked": {
        "lastModified": 1629481132,
        "narHash": "sha256-JHgasjPR0/J1J3DRm4KxM4zTyAj4IOJY8vIl75v/kPI=",
        "owner": "numtide",
        "repo": "flake-utils",
        "rev": "997f7efcb746a9c140ce1f13c72263189225f482",
        "type": "github"
      },
      "original": {
        "owner": "numtide",
        "repo": "flake-utils",
        "type": "github"
      }
    },
    "home-manager": {
      "inputs": {
        "nixpkgs": [
          "nixpkgs"
        ]
      },
      "locked": {
        "lastModified": 1641799033,
        "narHash": "sha256-f7/p46rC65buVGk7OHb9sxJ+kF1xzs3NUuLZExoqCqY=",
        "owner": "nix-community",
        "repo": "home-manager",
        "rev": "f3be3cda6a69365f2acecc201b3cd1ee4f6d4614",
        "type": "github"
      },
      "original": {
        "owner": "nix-community",
        "repo": "home-manager",
        "type": "github"
      }
    },
    "material-nvim": {
      "flake": false,
      "locked": {
        "lastModified": 1641740008,
        "narHash": "sha256-crvrEKOOgvaJo51XXS4yW3hWORm61lyxlfSt5tcXOgA=",
        "owner": "marko-cerovac",
        "repo": "material.nvim",
        "rev": "ded8f682c3a12b10646f046ef9f893f39cc953ee",
        "type": "github"
      },
      "original": {
        "owner": "marko-cerovac",
        "repo": "material.nvim",
        "type": "github"
      }
    },
    "monochrome-nvim": {
      "flake": false,
      "locked": {
        "lastModified": 1626289966,
        "narHash": "sha256-TgilR5jnos2YZeaJUuej35bQ9yE825MQk0s6gxwkAbA=",
        "owner": "kdheepak",
        "repo": "monochrome.nvim",
        "rev": "2de78d9688ea4a177bcd9be554ab9192337d35ff",
        "type": "github"
      },
      "original": {
        "owner": "kdheepak",
        "repo": "monochrome.nvim",
        "type": "github"
      }
    },
    "neo-tree-nvim": {
      "flake": false,
      "locked": {
        "lastModified": 1641815980,
        "narHash": "sha256-W0wzOzpaeEFp7MHq+YVIpEaTAhOUIqMFgqDrqM2KG/A=",
        "owner": "nvim-neo-tree",
        "repo": "neo-tree.nvim",
        "rev": "82df8461b65e40accd08ede8ad966c7951bfe3b9",
        "type": "github"
      },
      "original": {
        "owner": "nvim-neo-tree",
        "repo": "neo-tree.nvim",
        "type": "github"
      }
    },
    "neovim-flake": {
      "inputs": {
        "flake-utils": "flake-utils",
        "nixpkgs": "nixpkgs"
      },
      "locked": {
        "dir": "contrib",
        "lastModified": 1641759883,
        "narHash": "sha256-dYu02npRmmG/JkIABwrHi2l7RFeAZMs5ZQK1NAEG838=",
        "owner": "neovim",
        "repo": "neovim",
        "rev": "8f27c4a0417c001fa2dedb6346673da501ea78e5",
        "type": "github"
      },
      "original": {
        "dir": "contrib",
        "owner": "neovim",
        "repo": "neovim",
        "type": "github"
      }
    },
    "neovim-nightly": {
      "inputs": {
        "flake-compat": "flake-compat",
        "neovim-flake": "neovim-flake",
        "nixpkgs": [
          "nixpkgs"
        ]
      },
      "locked": {
        "lastModified": 1641802530,
        "narHash": "sha256-TyY+416MyTShhIoB97YzRSVBVTGULp7bvcNtQbBqEu4=",
        "owner": "nix-community",
        "repo": "neovim-nightly-overlay",
        "rev": "f77aec20552f9638aa7226b364123535c351fc93",
        "type": "github"
      },
      "original": {
        "owner": "nix-community",
        "repo": "neovim-nightly-overlay",
        "type": "github"
      }
    },
    "nixpkgs": {
      "locked": {
        "lastModified": 1641710811,
        "narHash": "sha256-yVJ+CtwWZY8BnkNIJ/ue5a28yrRM6CkDF1LvmGmqqwM=",
        "owner": "nixos",
        "repo": "nixpkgs",
        "rev": "0ecf7d414811f831060cf55707c374d54fbb1dec",
        "type": "github"
      },
      "original": {
        "owner": "nixos",
        "ref": "nixos-unstable",
        "repo": "nixpkgs",
        "type": "github"
      }
    },
    "nixpkgs-master": {
      "locked": {
        "lastModified": 1641844287,
        "narHash": "sha256-2EZ5oiRec8y8HRKnroJ7fm30AbtS7NydL98i6VicWZY=",
        "owner": "nixos",
        "repo": "nixpkgs",
        "rev": "81cdd363b8b23dca69683141489c9eca7027e1c4",
        "type": "github"
      },
      "original": {
        "owner": "nixos",
        "ref": "master",
        "repo": "nixpkgs",
        "type": "github"
      }
    },
    "nixpkgs-unstable": {
      "locked": {
        "lastModified": 1641710811,
        "narHash": "sha256-yVJ+CtwWZY8BnkNIJ/ue5a28yrRM6CkDF1LvmGmqqwM=",
        "owner": "nixos",
        "repo": "nixpkgs",
        "rev": "0ecf7d414811f831060cf55707c374d54fbb1dec",
        "type": "github"
      },
      "original": {
        "owner": "nixos",
        "ref": "nixos-unstable",
        "repo": "nixpkgs",
        "type": "github"
      }
    },
    "nixpkgs_2": {
      "locked": {
        "lastModified": 1641783572,
        "narHash": "sha256-gkrIuUtbRKGEb+SrBVl6hEG4PY9rg+zhDyX0n3mRFMY=",
        "owner": "nixos",
        "repo": "nixpkgs",
        "rev": "79c7b6a353e22f0eec342dead0bc69fb7ce846db",
        "type": "github"
      },
      "original": {
        "owner": "nixos",
        "ref": "nixos-21.11",
        "repo": "nixpkgs",
        "type": "github"
      }
    },
    "nur": {
      "locked": {
        "lastModified": 1641829062,
        "narHash": "sha256-dHOqVHuWXFZQjxYgqtZI0pUKLYcISabRHG869iKWgq4=",
        "owner": "nix-community",
        "repo": "NUR",
        "rev": "a7ca428721d0e59a76bbb0be0cc2cf4ac0e7db36",
        "type": "github"
      },
      "original": {
        "owner": "nix-community",
        "repo": "NUR",
        "type": "github"
      }
    },
    "nvim-base16": {
      "flake": false,
      "locked": {
        "lastModified": 1640979510,
        "narHash": "sha256-bSEL6eLqhngErEkQETbkkCLz1/x1DQpa0RCqErymGBk=",
        "owner": "SenorCornflake",
        "repo": "nvim-base16",
        "rev": "134cc8f41c9f881e9bee246ff14444ddc1948348",
        "type": "github"
      },
      "original": {
        "owner": "SenorCornflake",
        "repo": "nvim-base16",
        "type": "github"
      }
    },
    "nvim-scrollbar": {
      "flake": false,
      "locked": {
        "lastModified": 1641868735,
        "narHash": "sha256-7l1zkixv3DCzZ3Czy2oK5hobFIjlHmt1DpH+s78codA=",
        "owner": "petertriho",
        "repo": "nvim-scrollbar",
        "rev": "a2db95e775376f0d2e809162875a9617fb32cf4e",
        "type": "github"
      },
      "original": {
        "owner": "petertriho",
        "repo": "nvim-scrollbar",
        "type": "github"
      }
    },
    "root": {
      "inputs": {
        "calvera-dark-nvim": "calvera-dark-nvim",
        "catppuccin-nvim": "catppuccin-nvim",
        "dial-nvim": "dial-nvim",
        "home-manager": "home-manager",
        "material-nvim": "material-nvim",
        "monochrome-nvim": "monochrome-nvim",
        "neo-tree-nvim": "neo-tree-nvim",
        "neovim-nightly": "neovim-nightly",
        "nixpkgs": "nixpkgs_2",
        "nixpkgs-master": "nixpkgs-master",
        "nixpkgs-unstable": "nixpkgs-unstable",
        "nur": "nur",
        "nvim-base16": "nvim-base16",
        "nvim-scrollbar": "nvim-scrollbar",
        "substrata-nvim": "substrata-nvim",
        "vim-enfocado": "vim-enfocado",
        "vim-moonfly-colors": "vim-moonfly-colors",
        "winshift-nvim": "winshift-nvim",
        "yankassassin-vim": "yankassassin-vim",
        "zenbones-nvim": "zenbones-nvim"
      }
    },
    "substrata-nvim": {
      "flake": false,
      "locked": {
        "lastModified": 1641212906,
        "narHash": "sha256-PPbEVoCeo4w2tf19oN2qLFz6kxlMliqdqMKE0SORg1k=",
        "owner": "kvrohit",
        "repo": "substrata.nvim",
        "rev": "e1362be00994f7aaa476ab3bdde5f33cefd7d2ff",
        "type": "github"
      },
      "original": {
        "owner": "kvrohit",
        "repo": "substrata.nvim",
        "type": "github"
      }
    },
    "vim-enfocado": {
      "flake": false,
      "locked": {
        "lastModified": 1640762917,
        "narHash": "sha256-VhCt/8nlLTiRKgnjxxuL1QSCQMox58xHAJKOszcd3tY=",
        "owner": "wuelnerdotexe",
        "repo": "vim-enfocado",
        "rev": "02cb66736482eb973e0702b81dacf4a4dfafbc71",
        "type": "github"
      },
      "original": {
        "owner": "wuelnerdotexe",
        "repo": "vim-enfocado",
        "type": "github"
      }
    },
    "vim-moonfly-colors": {
      "flake": false,
      "locked": {
        "lastModified": 1639034380,
        "narHash": "sha256-jOGJoBh7jvs4rv06lau6s5QeikBeFTCV7QNNoc1aEEw=",
        "owner": "bluz71",
        "repo": "vim-moonfly-colors",
        "rev": "7d8badd5e1355d7a1f33033249d6a286efcd0d47",
        "type": "github"
      },
      "original": {
        "owner": "bluz71",
        "repo": "vim-moonfly-colors",
        "type": "github"
      }
    },
    "winshift-nvim": {
      "flake": false,
      "locked": {
        "lastModified": 1636971050,
        "narHash": "sha256-g5v/qd1FNg7mMZif7Liga3BAnZV7Mi7hkqnCUEFk52U=",
        "owner": "sindrets",
        "repo": "winshift.nvim",
        "rev": "aaa04b97640165eb0877bfc04943f4282887470b",
        "type": "github"
      },
      "original": {
        "owner": "sindrets",
        "repo": "winshift.nvim",
        "type": "github"
      }
    },
    "yankassassin-vim": {
      "flake": false,
      "locked": {
        "lastModified": 1641116325,
        "narHash": "sha256-Kw7bnpuq19Ku5aNSR1dg4NPJqmvafFqnD84oOH5f6/s=",
        "owner": "svban",
        "repo": "YankAssassin.vim",
        "rev": "1010672fe02937d984d7254c6a163ed7f6a403ad",
        "type": "github"
      },
      "original": {
        "owner": "svban",
        "repo": "YankAssassin.vim",
        "type": "github"
      }
    },
    "zenbones-nvim": {
      "flake": false,
      "locked": {
        "lastModified": 1641520820,
        "narHash": "sha256-1xQ6PcxurLF7CCtuNp8q1SxAp2fOa6xe10yu1e6VkTg=",
        "owner": "mcchrish",
        "repo": "zenbones.nvim",
        "rev": "668ec5d2b7835b16b2b6eebb3a71e31173e5da51",
        "type": "github"
      },
      "original": {
        "owner": "mcchrish",
        "repo": "zenbones.nvim",
        "type": "github"
      }
    }
  },
  "root": "root",
  "version": 7
}
